{
  "name": "work",
  "version": "1.0.0",
  "lockfileVersion": 1,
  "requires": true,
  "dependencies": {
    "ansi-cyan": {
      "version": "0.1.1",
      "resolved": "https://registry.npmjs.org/ansi-cyan/-/ansi-cyan-0.1.1.tgz",
      "integrity": "sha1-U4rlKK+JgvKK4w2G8vF0VtJgmHM=",
      "dev": true,
      "requires": {
        "ansi-wrap": "0.1.0"
      }
    },
    "ansi-red": {
      "version": "0.1.1",
      "resolved": "https://registry.npmjs.org/ansi-red/-/ansi-red-0.1.1.tgz",
      "integrity": "sha1-jGOPnRCAgAo1PJwoyKgcpHBdlGw=",
      "dev": true,
      "requires": {
        "ansi-wrap": "0.1.0"
      }
    },
    "ansi-wrap": {
      "version": "0.1.0",
      "resolved": "http://registry.npm.taobao.org/ansi-wrap/download/ansi-wrap-0.1.0.tgz",
      "dev": true
    },
    "bufferstreams": {
      "version": "1.1.3",
      "resolved": "https://registry.npmjs.org/bufferstreams/-/bufferstreams-1.1.3.tgz",
      "integrity": "sha512-HaJnVuslRF4g2kSDeyl++AaVizoitCpL9PglzCYwy0uHHyvWerfvEb8jWmYbF1z4kiVFolGomnxSGl+GUQp2jg==",
      "dev": true
    },
    "camel-case": {
      "version": "3.0.0",
      "resolved": "https://registry.npmjs.org/camel-case/-/camel-case-3.0.0.tgz",
      "integrity": "sha1-yjw2iKTpzzpM2nd9xNy8cTJJz3M=",
      "dev": true,
      "requires": {
        "no-case": "^2.2.0",
        "upper-case": "^1.1.1"
      }
    },
    "clean-css": {
      "version": "4.1.11",
      "resolved": "http://registry.npm.taobao.org/clean-css/download/clean-css-4.1.11.tgz",
      "dev": true,
      "dependencies": {
        "source-map": {
          "version": "http://registry.npm.taobao.org/source-map/download/source-map-0.5.7.tgz",
          "bundled": true
        }
      }
    },
    "commander": {
      "version": "2.16.0",
      "resolved": "https://registry.npmjs.org/commander/-/commander-2.16.0.tgz",
      "integrity": "sha512-sVXqklSaotK9at437sFlFpyOcJonxe0yST/AG9DkQKUdIE6IqGIMv4SfAQSKaJbSdVEJYItASCrBiVQHq1HQew==",
      "dev": true
    },
    "core-util-is": {
      "version": "1.0.2",
      "resolved": "http://registry.npm.taobao.org/core-util-is/download/core-util-is-1.0.2.tgz",
      "dev": true
    },
    "glogg": {
      "version": "1.0.1",
      "resolved": "http://registry.npm.taobao.org/glogg/download/glogg-1.0.1.tgz",
      "dev": true,
      "dependencies": {
        "sparkles": {
          "version": "http://registry.npm.taobao.org/sparkles/download/sparkles-1.0.1.tgz",
          "bundled": true
        }
      }
    },
    "gulp": {
      "version": "3.9.1",
      "resolved": "http://registry.npm.taobao.org/gulp/download/gulp-3.9.1.tgz",
      "dev": true,
      "dependencies": {
        "archy": {
          "version": "http://registry.npm.taobao.org/archy/download/archy-1.0.0.tgz",
          "bundled": true
        },
        "chalk": {
          "version": "http://registry.npm.taobao.org/chalk/download/chalk-1.1.3.tgz",
          "bundled": true,
          "dependencies": {
            "ansi-styles": {
              "version": "http://registry.npm.taobao.org/ansi-styles/download/ansi-styles-2.2.1.tgz"
            },
            "escape-string-regexp": {
              "version": "http://registry.npm.taobao.org/escape-string-regexp/download/escape-string-regexp-1.0.5.tgz"
            },
            "has-ansi": {
              "version": "http://registry.npm.taobao.org/has-ansi/download/has-ansi-2.0.0.tgz"
            },
            "strip-ansi": {
              "version": "http://registry.npm.taobao.org/strip-ansi/download/strip-ansi-3.0.1.tgz"
            },
            "supports-color": {
              "version": "http://registry.npm.taobao.org/supports-color/download/supports-color-2.0.0.tgz"
            }
          }
        },
        "deprecated": {
          "version": "http://registry.npm.taobao.org/deprecated/download/deprecated-0.0.1.tgz",
          "bundled": true
        },
        "gulp-util": {
          "version": "http://registry.npm.taobao.org/gulp-util/download/gulp-util-3.0.8.tgz",
          "bundled": true
        },
        "interpret": {
          "version": "http://registry.npm.taobao.org/interpret/download/interpret-1.1.0.tgz",
          "bundled": true
        },
        "liftoff": {
          "version": "http://registry.npm.taobao.org/liftoff/download/liftoff-2.5.0.tgz",
          "bundled": true
        },
        "minimist": {
          "version": "http://registry.npm.taobao.org/minimist/download/minimist-1.2.0.tgz",
          "bundled": true
        },
        "orchestrator": {
          "version": "http://registry.npm.taobao.org/orchestrator/download/orchestrator-0.3.8.tgz",
          "bundled": true
        },
        "pretty-hrtime": {
          "version": "http://registry.npm.taobao.org/pretty-hrtime/download/pretty-hrtime-1.0.3.tgz",
          "bundled": true
        },
        "semver": {
          "version": "http://registry.npm.taobao.org/semver/download/semver-4.3.6.tgz",
          "bundled": true
        },
        "tildify": {
          "version": "http://registry.npm.taobao.org/tildify/download/tildify-1.2.0.tgz",
          "bundled": true
        },
        "v8flags": {
          "version": "http://registry.npm.taobao.org/v8flags/download/v8flags-2.1.1.tgz",
          "bundled": true
        },
        "vinyl-fs": {
          "version": "http://registry.npm.taobao.org/vinyl-fs/download/vinyl-fs-0.3.14.tgz",
          "bundled": true
        }
      }
    },
    "gulp-autoprefixer": {
      "version": "5.0.0",
      "resolved": "http://registry.npm.taobao.org/gulp-autoprefixer/download/gulp-autoprefixer-5.0.0.tgz",
      "dev": true,
      "requires": {
        "through2": "^2.0.0"
      },
      "dependencies": {
        "autoprefixer": {
          "version": "http://registry.npm.taobao.org/autoprefixer/download/autoprefixer-8.6.5.tgz"
        },
        "fancy-log": {
          "version": "http://registry.npm.taobao.org/fancy-log/download/fancy-log-1.3.2.tgz"
        },
        "plugin-error": {
          "version": "http://registry.npm.taobao.org/plugin-error/download/plugin-error-1.0.1.tgz"
        },
        "postcss": {
          "version": "http://registry.npm.taobao.org/postcss/download/postcss-6.0.23.tgz",
          "dependencies": {
            "chalk": {
              "version": "http://registry.npm.taobao.org/chalk/download/chalk-2.4.1.tgz",
              "bundled": true,
              "dependencies": {
                "ansi-styles": {
                  "version": "http://registry.npm.taobao.org/ansi-styles/download/ansi-styles-3.2.1.tgz",
                  "bundled": true
                },
                "escape-string-regexp": {
                  "version": "http://registry.npm.taobao.org/escape-string-regexp/download/escape-string-regexp-1.0.5.tgz",
                  "bundled": true
                },
                "supports-color": {
                  "version": "http://registry.npm.taobao.org/supports-color/download/supports-color-5.4.0.tgz",
                  "bundled": true
                }
              }
            },
            "source-map": {
              "version": "http://registry.npm.taobao.org/source-map/download/source-map-0.6.1.tgz",
              "bundled": true
            },
            "supports-color": {
              "version": "http://registry.npm.taobao.org/supports-color/download/supports-color-5.4.0.tgz",
              "bundled": true,
              "dependencies": {
                "has-flag": {
                  "version": "http://registry.npm.taobao.org/has-flag/download/has-flag-3.0.0.tgz",
                  "bundled": true
                }
              }
            }
          }
        },
        "through2": {
          "version": "http://registry.npm.taobao.org/through2/download/through2-2.0.3.tgz",
          "dependencies": {
            "readable-stream": {
              "version": "http://registry.npm.taobao.org/readable-stream/download/readable-stream-2.3.6.tgz",
              "bundled": true
            },
            "xtend": {
              "version": "http://registry.npm.taobao.org/xtend/download/xtend-4.0.1.tgz",
              "bundled": true
            }
          }
        },
        "vinyl-sourcemaps-apply": {
          "version": "http://registry.npm.taobao.org/vinyl-sourcemaps-apply/download/vinyl-sourcemaps-apply-0.2.1.tgz",
          "dependencies": {
            "source-map": {
              "version": "http://registry.npm.taobao.org/source-map/download/source-map-0.5.7.tgz"
            }
          }
        }
      }
    },
    "gulp-clean-css": {
      "version": "3.9.4",
      "resolved": "http://registry.npm.taobao.org/gulp-clean-css/download/gulp-clean-css-3.9.4.tgz",
      "dev": true,
      "requires": {
        "clean-css": "4.1.11",
        "through2": "2.0.3"
      },
      "dependencies": {
        "clean-css": {
          "version": "http://registry.npm.taobao.org/clean-css/download/clean-css-4.1.11.tgz"
        },
        "plugin-error": {
          "version": "http://registry.npm.taobao.org/plugin-error/download/plugin-error-1.0.1.tgz",
          "dependencies": {
            "ansi-colors": {
              "version": "http://registry.npm.taobao.org/ansi-colors/download/ansi-colors-1.1.0.tgz"
            },
            "arr-diff": {
              "version": "http://registry.npm.taobao.org/arr-diff/download/arr-diff-4.0.0.tgz"
            },
            "arr-union": {
              "version": "http://registry.npm.taobao.org/arr-union/download/arr-union-3.1.0.tgz"
            },
            "extend-shallow": {
              "version": "http://registry.npm.taobao.org/extend-shallow/download/extend-shallow-3.0.2.tgz",
              "dependencies": {
                "assign-symbols": {
                  "version": "http://registry.npm.taobao.org/assign-symbols/download/assign-symbols-1.0.0.tgz"
                },
                "is-extendable": {
                  "version": "http://registry.npm.taobao.org/is-extendable/download/is-extendable-1.0.1.tgz",
                  "dependencies": {
                    "is-plain-object": {
                      "version": "http://registry.npm.taobao.org/is-plain-object/download/is-plain-object-2.0.4.tgz",
                      "bundled": true,
                      "dependencies": {
                        "isobject": {
                          "version": "http://registry.npm.taobao.org/isobject/download/isobject-3.0.1.tgz",
                          "bundled": true
                        }
                      }
                    }
                  }
                }
              }
            }
          }
        },
        "through2": {
          "version": "http://registry.npm.taobao.org/through2/download/through2-2.0.3.tgz",
          "dependencies": {
            "readable-stream": {
              "version": "http://registry.npm.taobao.org/readable-stream/download/readable-stream-2.3.6.tgz",
              "bundled": true
            },
            "xtend": {
              "version": "http://registry.npm.taobao.org/xtend/download/xtend-4.0.1.tgz",
              "bundled": true
            }
          }
        },
        "vinyl-sourcemaps-apply": {
          "version": "http://registry.npm.taobao.org/vinyl-sourcemaps-apply/download/vinyl-sourcemaps-apply-0.2.1.tgz"
        }
      }
    },
    "gulp-htmlmin": {
      "version": "4.0.0",
      "resolved": "https://registry.npmjs.org/gulp-htmlmin/-/gulp-htmlmin-4.0.0.tgz",
      "integrity": "sha512-9FX2d4QbSm+4WuXughjZ6GJn4jx0C4BmyK2e+AS6567NPAetNfB+hv2ZL/88AacdC+8OS+TzeIjfKRXPSAgOYw==",
      "dev": true,
      "requires": {
        "bufferstreams": "^1.1.0",
        "html-minifier": "^3.0.3",
        "plugin-error": "^0.1.2",
        "readable-stream": "^2.0.2",
        "tryit": "^1.0.1"
      },
      "dependencies": {
        "arr-diff": {
          "version": "1.1.0",
          "resolved": "https://registry.npmjs.org/arr-diff/-/arr-diff-1.1.0.tgz",
          "integrity": "sha1-aHwydYFjWI/vfeezb6vklesaOZo=",
          "dev": true,
          "requires": {
            "arr-flatten": "^1.0.1",
            "array-slice": "^0.2.3"
          }
        },
        "arr-flatten": {
          "version": "1.1.0",
          "resolved": "https://registry.npmjs.org/arr-flatten/-/arr-flatten-1.1.0.tgz",
          "integrity": "sha512-L3hKV5R/p5o81R7O02IGnwpDmkp6E982XhtbuwSe3O4qOtMMMtodicASA1Cny2U+aCXcNpml+m4dPsvsJ3jatg==",
          "dev": true
        },
        "arr-union": {
          "version": "2.1.0",
          "resolved": "https://registry.npmjs.org/arr-union/-/arr-union-2.1.0.tgz",
          "integrity": "sha1-IPnqtexw9cfSFbEHexw5Fh0pLH0=",
          "dev": true
        },
        "array-slice": {
          "version": "0.2.3",
          "resolved": "https://registry.npmjs.org/array-slice/-/array-slice-0.2.3.tgz",
          "integrity": "sha1-3Tz7gO15c6dRF82sabC5nshhhvU=",
          "dev": true
        },
        "extend-shallow": {
          "version": "1.1.4",
          "resolved": "https://registry.npmjs.org/extend-shallow/-/extend-shallow-1.1.4.tgz",
          "integrity": "sha1-Gda/lN/AnXa6cR85uHLSH/TdkHE=",
          "dev": true,
          "requires": {
            "kind-of": "^1.1.0"
          }
        },
        "kind-of": {
          "version": "1.1.0",
          "resolved": "https://registry.npmjs.org/kind-of/-/kind-of-1.1.0.tgz",
          "integrity": "sha1-FAo9LUGjbS78+pN3tiwk+ElaXEQ=",
          "dev": true
        },
        "plugin-error": {
          "version": "0.1.2",
          "resolved": "https://registry.npmjs.org/plugin-error/-/plugin-error-0.1.2.tgz",
          "integrity": "sha1-O5uzM1zPAPQl4HQ34ZJ2ln2kes4=",
          "dev": true,
          "requires": {
            "ansi-cyan": "^0.1.1",
            "ansi-red": "^0.1.1",
            "arr-diff": "^1.0.1",
            "arr-union": "^2.0.1",
            "extend-shallow": "^1.1.2"
          }
        },
        "process-nextick-args": {
          "version": "2.0.0",
          "resolved": "https://registry.npmjs.org/process-nextick-args/-/process-nextick-args-2.0.0.tgz",
          "integrity": "sha512-MtEC1TqN0EU5nephaJ4rAtThHtC86dNN9qCuEhtshvpVBkAW5ZO7BASN9REnF9eoXGcRub+pFuKEpOHE+HbEMw==",
          "dev": true
        },
        "readable-stream": {
          "version": "2.3.6",
          "resolved": "https://registry.npmjs.org/readable-stream/-/readable-stream-2.3.6.tgz",
          "integrity": "sha512-tQtKA9WIAhBF3+VLAseyMqZeBjW0AHJoxOtYqSUZNJxauErmLbVm2FW1y+J/YA9dUrAC39ITejlZWhVIwawkKw==",
          "dev": true,
          "requires": {
            "core-util-is": "~1.0.0",
            "inherits": "~2.0.3",
            "isarray": "~1.0.0",
            "process-nextick-args": "~2.0.0",
            "safe-buffer": "~5.1.1",
            "string_decoder": "~1.1.1",
            "util-deprecate": "~1.0.1"
          }
        },
        "safe-buffer": {
          "version": "5.1.2",
          "resolved": "https://registry.npmjs.org/safe-buffer/-/safe-buffer-5.1.2.tgz",
          "integrity": "sha512-Gd2UZBJDkXlY7GbJxfsE8/nvKkUEU1G38c1siN6QP6a9PT9MmHB8GnpscSmMJSoF8LOIrt8ud/wPtojys4G6+g==",
          "dev": true
        },
        "string_decoder": {
          "version": "1.1.1",
          "resolved": "https://registry.npmjs.org/string_decoder/-/string_decoder-1.1.1.tgz",
          "integrity": "sha512-n/ShnvDi6FHbbVfviro+WojiFzv+s8MPMHBczVePfUpDJLwoLT0ht1l4YwBCbi8pJAveEEdnkHyPyTP/mzRfwg==",
          "dev": true,
          "requires": {
            "safe-buffer": "~5.1.0"
          }
        }
      }
    },
    "gulp-sass": {
      "version": "4.0.1",
      "resolved": "http://registry.npm.taobao.org/gulp-sass/download/gulp-sass-4.0.1.tgz",
      "dev": true,
      "requires": {
        "through2": "^2.0.0"
      },
      "dependencies": {
        "chalk": {
          "version": "http://registry.npm.taobao.org/chalk/download/chalk-2.4.1.tgz"
        },
        "lodash.clonedeep": {
          "version": "http://registry.npm.taobao.org/lodash.clonedeep/download/lodash.clonedeep-4.5.0.tgz"
        },
        "node-sass": {
          "version": "http://registry.npm.taobao.org/node-sass/download/node-sass-4.9.2.tgz"
        },
        "plugin-error": {
          "version": "http://registry.npm.taobao.org/plugin-error/download/plugin-error-1.0.1.tgz",
          "dependencies": {
            "ansi-colors": {
              "version": "http://registry.npm.taobao.org/ansi-colors/download/ansi-colors-1.1.0.tgz"
            },
            "arr-diff": {
              "version": "http://registry.npm.taobao.org/arr-diff/download/arr-diff-4.0.0.tgz"
            },
            "arr-union": {
              "version": "http://registry.npm.taobao.org/arr-union/download/arr-union-3.1.0.tgz"
            },
            "extend-shallow": {
              "version": "http://registry.npm.taobao.org/extend-shallow/download/extend-shallow-3.0.2.tgz",
              "dependencies": {}
            }
          }
        },
        "replace-ext": {
          "version": "http://registry.npm.taobao.org/replace-ext/download/replace-ext-1.0.0.tgz"
        },
        "strip-ansi": {
          "version": "http://registry.npm.taobao.org/strip-ansi/download/strip-ansi-4.0.0.tgz",
          "dependencies": {
            "ansi-regex": {
              "version": "http://registry.npm.taobao.org/ansi-regex/download/ansi-regex-3.0.0.tgz",
              "bundled": true
            }
          }
        },
        "through2": {
          "version": "http://registry.npm.taobao.org/through2/download/through2-2.0.3.tgz",
          "dependencies": {
            "readable-stream": {
              "version": "http://registry.npm.taobao.org/readable-stream/download/readable-stream-2.3.6.tgz",
              "bundled": true
            },
            "xtend": {
              "version": "http://registry.npm.taobao.org/xtend/download/xtend-4.0.1.tgz",
              "bundled": true
            }
          }
        },
        "vinyl-sourcemaps-apply": {
          "version": "http://registry.npm.taobao.org/vinyl-sourcemaps-apply/download/vinyl-sourcemaps-apply-0.2.1.tgz",
          "dependencies": {
            "source-map": {
              "version": "http://registry.npm.taobao.org/source-map/download/source-map-0.5.7.tgz"
            }
          }
        }
      }
    },
    "gulp-uglify": {
      "version": "3.0.1",
      "resolved": "https://registry.npmjs.org/gulp-uglify/-/gulp-uglify-3.0.1.tgz",
      "integrity": "sha512-KVffbGY9d4Wv90bW/B1KZJyunLMyfHTBbilpDvmcrj5Go0/a1G3uVpt+1gRBWSw/11dqR3coJ1oWNTt1AiXuWQ==",
      "dev": true,
      "requires": {
        "gulplog": "^1.0.0",
        "has-gulplog": "^0.1.0",
        "lodash": "^4.13.1",
        "make-error-cause": "^1.1.1",
        "safe-buffer": "^5.1.2",
        "through2": "^2.0.0",
        "uglify-js": "^3.0.5",
        "vinyl-sourcemaps-apply": "^0.2.0"
      },
      "dependencies": {
        "gulplog": {
          "version": "1.0.0",
          "resolved": "https://registry.npmjs.org/gulplog/-/gulplog-1.0.0.tgz",
          "integrity": "sha1-4oxNRdBey77YGDY86PnFkmIp/+U=",
          "dev": true,
          "requires": {
            "glogg": "^1.0.0"
          }
        },
        "has-gulplog": {
          "version": "0.1.0",
          "resolved": "https://registry.npmjs.org/has-gulplog/-/has-gulplog-0.1.0.tgz",
          "integrity": "sha1-ZBTIKRNpfaUVkDl9r7EvIpZ4Ec4=",
          "dev": true,
          "requires": {
            "sparkles": "^1.0.0"
          }
        },
        "lodash": {
          "version": "4.17.10",
          "resolved": "https://registry.npmjs.org/lodash/-/lodash-4.17.10.tgz",
          "integrity": "sha512-UejweD1pDoXu+AD825lWwp4ZGtSwgnpZxb3JDViD7StjQz+Nb/6l093lx4OQ0foGWNRoc19mWy7BzL+UAK2iVg==",
          "dev": true
        },
        "source-map": {
          "version": "0.5.7",
          "resolved": "https://registry.npmjs.org/source-map/-/source-map-0.5.7.tgz",
          "integrity": "sha1-igOdLRAh0i0eoUyA2OpGi6LvP8w=",
          "dev": true
        },
        "sparkles": {
          "version": "1.0.1",
          "resolved": "https://registry.npmjs.org/sparkles/-/sparkles-1.0.1.tgz",
          "integrity": "sha512-dSO0DDYUahUt/0/pD/Is3VIm5TGJjludZ0HVymmhYF6eNA53PVLhnUk0znSYbH8IYBuJdCE+1luR22jNLMaQdw==",
          "dev": true
        },
        "vinyl-sourcemaps-apply": {
          "version": "0.2.1",
          "resolved": "https://registry.npmjs.org/vinyl-sourcemaps-apply/-/vinyl-sourcemaps-apply-0.2.1.tgz",
          "integrity": "sha1-q2VJ1h0XLCsbh75cUI0jnI74dwU=",
          "dev": true,
          "requires": {
            "source-map": "^0.5.1"
          }
        }
      }
    },
    "he": {
      "version": "1.1.1",
      "resolved": "https://registry.npmjs.org/he/-/he-1.1.1.tgz",
      "integrity": "sha1-k0EP0hsAlzUVH4howvJx80J+I/0=",
      "dev": true
    },
    "html-minifier": {
      "version": "3.5.19",
      "resolved": "https://registry.npmjs.org/html-minifier/-/html-minifier-3.5.19.tgz",
      "integrity": "sha512-Qr2JC9nsjK8oCrEmuB430ZIA8YWbF3D5LSjywD75FTuXmeqacwHgIM8wp3vHYzzPbklSjp53RdmDuzR4ub2HzA==",
      "dev": true,
      "requires": {
        "camel-case": "3.0.x",
        "clean-css": "4.1.x",
        "commander": "2.16.x",
        "he": "1.1.x",
        "param-case": "2.1.x",
        "relateurl": "0.2.x",
        "uglify-js": "3.4.x"
      }
    },
    "inherits": {
      "version": "2.0.3",
      "resolved": "http://registry.npm.taobao.org/inherits/download/inherits-2.0.3.tgz",
      "dev": true
    },
    "isarray": {
      "version": "1.0.0",
      "resolved": "http://registry.npm.taobao.org/isarray/download/isarray-1.0.0.tgz",
      "dev": true
    },
    "lower-case": {
      "version": "1.1.4",
      "resolved": "https://registry.npmjs.org/lower-case/-/lower-case-1.1.4.tgz",
      "integrity": "sha1-miyr0bno4K6ZOkv31YdcOcQujqw=",
      "dev": true
    },
    "make-error": {
      "version": "1.3.4",
      "resolved": "https://registry.npmjs.org/make-error/-/make-error-1.3.4.tgz",
      "integrity": "sha512-0Dab5btKVPhibSalc9QGXb559ED7G7iLjFXBaj9Wq8O3vorueR5K5jaE3hkG6ZQINyhA/JgG6Qk4qdFQjsYV6g==",
      "dev": true
    },
    "make-error-cause": {
      "version": "1.2.2",
      "resolved": "https://registry.npmjs.org/make-error-cause/-/make-error-cause-1.2.2.tgz",
      "integrity": "sha1-3wOI/NCzeBbf8KX7gQiTl3fcvJ0=",
      "dev": true,
      "requires": {
        "make-error": "^1.2.0"
      }
    },
    "no-case": {
      "version": "2.3.2",
      "resolved": "https://registry.npmjs.org/no-case/-/no-case-2.3.2.tgz",
      "integrity": "sha512-rmTZ9kz+f3rCvK2TD1Ue/oZlns7OGoIWP4fc3llxxRXlOkHKoWPPWJOfFYpITabSow43QJbRIoHQXtt10VldyQ==",
      "dev": true,
      "requires": {
        "lower-case": "^1.1.1"
      }
    },
    "param-case": {
      "version": "2.1.1",
      "resolved": "https://registry.npmjs.org/param-case/-/param-case-2.1.1.tgz",
      "integrity": "sha1-35T9jPZTHs915r75oIWPvHK+Ikc=",
      "dev": true,
      "requires": {
        "no-case": "^2.2.0"
      }
    },
    "relateurl": {
      "version": "0.2.7",
      "resolved": "https://registry.npmjs.org/relateurl/-/relateurl-0.2.7.tgz",
      "integrity": "sha1-VNvzd+UUQKypCkzSdGANP/LYiKk=",
      "dev": true
    },
    "safe-buffer": {
      "version": "5.1.2",
      "resolved": "http://registry.npm.taobao.org/safe-buffer/download/safe-buffer-5.1.2.tgz",
      "dev": true
    },
    "through2": {
      "version": "2.0.3",
      "resolved": "http://registry.npm.taobao.org/through2/download/through2-2.0.3.tgz",
      "dev": true,
      "dependencies": {
        "readable-stream": {
          "version": "http://registry.npm.taobao.org/readable-stream/download/readable-stream-2.3.6.tgz",
          "bundled": true
        },
        "xtend": {
          "version": "http://registry.npm.taobao.org/xtend/download/xtend-4.0.1.tgz",
          "bundled": true
        }
      }
    },
    "tryit": {
      "version": "1.0.3",
      "resolved": "https://registry.npmjs.org/tryit/-/tryit-1.0.3.tgz",
      "integrity": "sha1-OTvnMKlEb9Hq1tpZoBQwjzbCics=",
      "dev": true
    },
    "uglify-js": {
      "version": "3.4.6",
      "resolved": "https://registry.npmjs.org/uglify-js/-/uglify-js-3.4.6.tgz",
      "integrity": "sha512-O1D7L6WcOzS1qW2ehopEm4cWm5yA6bQBozlks8jO8ODxYCy4zv+bR/la4Lwp01tpkYGNonnpXvUpYtrvSu8Yzg==",
      "dev": true,
      "requires": {
        "commander": "~2.16.0",
        "source-map": "~0.6.1"
      },
      "dependencies": {
        "source-map": {
          "version": "0.6.1",
          "resolved": "https://registry.npmjs.org/source-map/-/source-map-0.6.1.tgz",
          "integrity": "sha512-UjgapumWlbMhkBgzT7Ykc5YXUT46F0iKu8SGXq0bcwP5dz/h0Plj6enJqjz1Zbq2l5WaqYnrVbwWOWMyF3F47g==",
          "dev": true
        }
      }
    },
    "upper-case": {
      "version": "1.1.3",
      "resolved": "https://registry.npmjs.org/upper-case/-/upper-case-1.1.3.tgz",
      "integrity": "sha1-9rRQHC7EzdJrp4vnIilh3ndiFZg=",
      "dev": true
    },
    "util-deprecate": {
      "version": "1.0.2",
      "resolved": "http://registry.npm.taobao.org/util-deprecate/download/util-deprecate-1.0.2.tgz",
      "dev": true
    }
  }
}
